
Microsoft Visual Studio Solution File, Format Version 12.00
# Visual Studio Version 17
VisualStudioVersion = 17.2.32210.308
MinimumVisualStudioVersion = 15.0.26124.0
Project("{9A19103F-16F7-4668-BE54-9A1E7A4F7556}") = "NuGetPackageExplorer", "PackageExplorer\NuGetPackageExplorer.csproj", "{3B56B367-7763-4F70-9933-2B8B23718A0D}"
EndProject
Project("{9A19103F-16F7-4668-BE54-9A1E7A4F7556}") = "PackageViewModel", "PackageViewModel\PackageViewModel.csproj", "{A1E66420-E485-4719-A37F-5B49AAFB43AB}"
EndProject
Project("{9A19103F-16F7-4668-BE54-9A1E7A4F7556}") = "Core", "Core\Core.csproj", "{57B4C84E-427E-4041-A4E0-14A3C00E6BA5}"
EndProject
Project("{9A19103F-16F7-4668-BE54-9A1E7A4F7556}") = "Types", "Types\Types.csproj", "{E2EEEC5A-6A07-447E-9E95-C14307F57EDE}"
EndProject
Project("{2150E333-8FDC-42A3-9474-1A3956D46DE8}") = "Solution Items", "Solution Items", "{9BCEC868-73D3-4393-8099-D4DF2DC6DB74}"
	ProjectSection(SolutionItems) = preProject
		.editorconfig = .editorconfig
		azure-pipelines.yml = azure-pipelines.yml
		Common\CommonAssemblyInfo.cs = Common\CommonAssemblyInfo.cs
		Directory.Build.props = Directory.Build.props
		Directory.Build.targets = Directory.Build.targets
		NuGetPackageExplorer.ruleset = NuGetPackageExplorer.ruleset
		README-developers.md = README-developers.md
		README.md = README.md
		version.json = version.json
	EndProjectSection
EndProject
Project("{C7167F0D-BC9F-4E6E-AFE1-012C56B48DB5}") = "PackageExplorer.Package", "PackageExplorer.Package\PackageExplorer.Package.wapproj", "{452579BF-FF89-46FD-953D-E9D02D71EFDD}"
EndProject
Project("{9A19103F-16F7-4668-BE54-9A1E7A4F7556}") = "dotnet-validate", "dotnet-validate\dotnet-validate.csproj", "{F560302F-527B-4622-9042-F18A3E339B86}"
EndProject
Project("{FAE04EC0-301F-11D3-BF4B-00C04F79EFBC}") = "NuGetPackageExplorer.Shared", "Uno\NuGetPackageExplorer.Shared\NuGetPackageExplorer.Shared.csproj", "{160E8D71-A229-46CA-93A2-D7EAF8E41867}"
EndProject
Project("{FAE04EC0-301F-11D3-BF4B-00C04F79EFBC}") = "NuGetPackageExplorer.Skia.Gtk", "Uno\NuGetPackageExplorer.Skia.Gtk\NuGetPackageExplorer.Skia.Gtk.csproj", "{FFDC59FB-8CE0-406B-8E36-2682C53DDB6F}"
EndProject
Project("{FAE04EC0-301F-11D3-BF4B-00C04F79EFBC}") = "NuGetPackageExplorer.Wasm", "Uno\NuGetPackageExplorer.Wasm\NuGetPackageExplorer.Wasm.csproj", "{8C9B3639-E778-4C55-B931-EA9F868BCE43}"
EndProject
Project("{FAE04EC0-301F-11D3-BF4B-00C04F79EFBC}") = "NuGetPackageExplorer.Windows", "Uno\NuGetPackageExplorer.Windows\NuGetPackageExplorer.Windows.csproj", "{678E42D2-7B49-4786-B236-0E8EFEB4FA66}"
EndProject
Project("{2150E333-8FDC-42A3-9474-1A3956D46DE8}") = "Uno", "Uno", "{A2346F38-2AB7-4E67-B382-1B901A027071}"
EndProject
Project("{FAE04EC0-301F-11D3-BF4B-00C04F79EFBC}") = "NuGetPackageExplorer", "Uno\NuGetPackageExplorer\NuGetPackageExplorer.csproj", "{E307240E-636C-415B-A667-ED722B994B1B}"
EndProject
Global
	GlobalSection(SolutionConfigurationPlatforms) = preSolution
		Ad-Hoc|Any CPU = Ad-Hoc|Any CPU
		Ad-Hoc|ARM = Ad-Hoc|ARM
		Ad-Hoc|ARM64 = Ad-Hoc|ARM64
		Ad-Hoc|iPhone = Ad-Hoc|iPhone
		Ad-Hoc|iPhoneSimulator = Ad-Hoc|iPhoneSimulator
		Ad-Hoc|x64 = Ad-Hoc|x64
		Ad-Hoc|x86 = Ad-Hoc|x86
		AppStore|Any CPU = AppStore|Any CPU
		AppStore|ARM = AppStore|ARM
		AppStore|ARM64 = AppStore|ARM64
		AppStore|iPhone = AppStore|iPhone
		AppStore|iPhoneSimulator = AppStore|iPhoneSimulator
		AppStore|x64 = AppStore|x64
		AppStore|x86 = AppStore|x86
		Debug|Any CPU = Debug|Any CPU
		Debug|ARM = Debug|ARM
		Debug|ARM64 = Debug|ARM64
		Debug|iPhone = Debug|iPhone
		Debug|iPhoneSimulator = Debug|iPhoneSimulator
		Debug|x64 = Debug|x64
		Debug|x86 = Debug|x86
		Release|Any CPU = Release|Any CPU
		Release|ARM = Release|ARM
		Release|ARM64 = Release|ARM64
		Release|iPhone = Release|iPhone
		Release|iPhoneSimulator = Release|iPhoneSimulator
		Release|x64 = Release|x64
		Release|x86 = Release|x86
	EndGlobalSection
	GlobalSection(ProjectConfigurationPlatforms) = postSolution
		{3B56B367-7763-4F70-9933-2B8B23718A0D}.Ad-Hoc|Any CPU.ActiveCfg = Release|Any CPU
		{3B56B367-7763-4F70-9933-2B8B23718A0D}.Ad-Hoc|Any CPU.Build.0 = Release|Any CPU
		{3B56B367-7763-4F70-9933-2B8B23718A0D}.Ad-Hoc|ARM.ActiveCfg = Release|Any CPU
		{3B56B367-7763-4F70-9933-2B8B23718A0D}.Ad-Hoc|ARM.Build.0 = Release|Any CPU
		{3B56B367-7763-4F70-9933-2B8B23718A0D}.Ad-Hoc|ARM64.ActiveCfg = Release|Any CPU
		{3B56B367-7763-4F70-9933-2B8B23718A0D}.Ad-Hoc|ARM64.Build.0 = Release|Any CPU
		{3B56B367-7763-4F70-9933-2B8B23718A0D}.Ad-Hoc|iPhone.ActiveCfg = Release|Any CPU
		{3B56B367-7763-4F70-9933-2B8B23718A0D}.Ad-Hoc|iPhone.Build.0 = Release|Any CPU
		{3B56B367-7763-4F70-9933-2B8B23718A0D}.Ad-Hoc|iPhoneSimulator.ActiveCfg = Release|Any CPU
		{3B56B367-7763-4F70-9933-2B8B23718A0D}.Ad-Hoc|iPhoneSimulator.Build.0 = Release|Any CPU
		{3B56B367-7763-4F70-9933-2B8B23718A0D}.Ad-Hoc|x64.ActiveCfg = Release|Any CPU
		{3B56B367-7763-4F70-9933-2B8B23718A0D}.Ad-Hoc|x64.Build.0 = Release|Any CPU
		{3B56B367-7763-4F70-9933-2B8B23718A0D}.Ad-Hoc|x86.ActiveCfg = Release|Any CPU
		{3B56B367-7763-4F70-9933-2B8B23718A0D}.Ad-Hoc|x86.Build.0 = Release|Any CPU
		{3B56B367-7763-4F70-9933-2B8B23718A0D}.AppStore|Any CPU.ActiveCfg = Release|Any CPU
		{3B56B367-7763-4F70-9933-2B8B23718A0D}.AppStore|Any CPU.Build.0 = Release|Any CPU
		{3B56B367-7763-4F70-9933-2B8B23718A0D}.AppStore|ARM.ActiveCfg = Release|Any CPU
		{3B56B367-7763-4F70-9933-2B8B23718A0D}.AppStore|ARM.Build.0 = Release|Any CPU
		{3B56B367-7763-4F70-9933-2B8B23718A0D}.AppStore|ARM64.ActiveCfg = Release|Any CPU
		{3B56B367-7763-4F70-9933-2B8B23718A0D}.AppStore|ARM64.Build.0 = Release|Any CPU
		{3B56B367-7763-4F70-9933-2B8B23718A0D}.AppStore|iPhone.ActiveCfg = Release|Any CPU
		{3B56B367-7763-4F70-9933-2B8B23718A0D}.AppStore|iPhone.Build.0 = Release|Any CPU
		{3B56B367-7763-4F70-9933-2B8B23718A0D}.AppStore|iPhoneSimulator.ActiveCfg = Release|Any CPU
		{3B56B367-7763-4F70-9933-2B8B23718A0D}.AppStore|iPhoneSimulator.Build.0 = Release|Any CPU
		{3B56B367-7763-4F70-9933-2B8B23718A0D}.AppStore|x64.ActiveCfg = Release|Any CPU
		{3B56B367-7763-4F70-9933-2B8B23718A0D}.AppStore|x64.Build.0 = Release|Any CPU
		{3B56B367-7763-4F70-9933-2B8B23718A0D}.AppStore|x86.ActiveCfg = Release|Any CPU
		{3B56B367-7763-4F70-9933-2B8B23718A0D}.AppStore|x86.Build.0 = Release|Any CPU
		{3B56B367-7763-4F70-9933-2B8B23718A0D}.Debug|Any CPU.ActiveCfg = Debug|Any CPU
		{3B56B367-7763-4F70-9933-2B8B23718A0D}.Debug|Any CPU.Build.0 = Debug|Any CPU
		{3B56B367-7763-4F70-9933-2B8B23718A0D}.Debug|ARM.ActiveCfg = Debug|Any CPU
		{3B56B367-7763-4F70-9933-2B8B23718A0D}.Debug|ARM.Build.0 = Debug|Any CPU
		{3B56B367-7763-4F70-9933-2B8B23718A0D}.Debug|ARM64.ActiveCfg = Debug|Any CPU
		{3B56B367-7763-4F70-9933-2B8B23718A0D}.Debug|ARM64.Build.0 = Debug|Any CPU
		{3B56B367-7763-4F70-9933-2B8B23718A0D}.Debug|iPhone.ActiveCfg = Debug|Any CPU
		{3B56B367-7763-4F70-9933-2B8B23718A0D}.Debug|iPhone.Build.0 = Debug|Any CPU
		{3B56B367-7763-4F70-9933-2B8B23718A0D}.Debug|iPhoneSimulator.ActiveCfg = Debug|Any CPU
		{3B56B367-7763-4F70-9933-2B8B23718A0D}.Debug|iPhoneSimulator.Build.0 = Debug|Any CPU
		{3B56B367-7763-4F70-9933-2B8B23718A0D}.Debug|x64.ActiveCfg = Debug|Any CPU
		{3B56B367-7763-4F70-9933-2B8B23718A0D}.Debug|x64.Build.0 = Debug|Any CPU
		{3B56B367-7763-4F70-9933-2B8B23718A0D}.Debug|x86.ActiveCfg = Debug|Any CPU
		{3B56B367-7763-4F70-9933-2B8B23718A0D}.Debug|x86.Build.0 = Debug|Any CPU
		{3B56B367-7763-4F70-9933-2B8B23718A0D}.Release|Any CPU.ActiveCfg = Release|Any CPU
		{3B56B367-7763-4F70-9933-2B8B23718A0D}.Release|Any CPU.Build.0 = Release|Any CPU
		{3B56B367-7763-4F70-9933-2B8B23718A0D}.Release|ARM.ActiveCfg = Release|Any CPU
		{3B56B367-7763-4F70-9933-2B8B23718A0D}.Release|ARM.Build.0 = Release|Any CPU
		{3B56B367-7763-4F70-9933-2B8B23718A0D}.Release|ARM64.ActiveCfg = Release|Any CPU
		{3B56B367-7763-4F70-9933-2B8B23718A0D}.Release|ARM64.Build.0 = Release|Any CPU
		{3B56B367-7763-4F70-9933-2B8B23718A0D}.Release|iPhone.ActiveCfg = Release|Any CPU
		{3B56B367-7763-4F70-9933-2B8B23718A0D}.Release|iPhone.Build.0 = Release|Any CPU
		{3B56B367-7763-4F70-9933-2B8B23718A0D}.Release|iPhoneSimulator.ActiveCfg = Release|Any CPU
		{3B56B367-7763-4F70-9933-2B8B23718A0D}.Release|iPhoneSimulator.Build.0 = Release|Any CPU
		{3B56B367-7763-4F70-9933-2B8B23718A0D}.Release|x64.ActiveCfg = Release|Any CPU
		{3B56B367-7763-4F70-9933-2B8B23718A0D}.Release|x64.Build.0 = Release|Any CPU
		{3B56B367-7763-4F70-9933-2B8B23718A0D}.Release|x86.ActiveCfg = Release|Any CPU
		{3B56B367-7763-4F70-9933-2B8B23718A0D}.Release|x86.Build.0 = Release|Any CPU
		{A1E66420-E485-4719-A37F-5B49AAFB43AB}.Ad-Hoc|Any CPU.ActiveCfg = Release|Any CPU
		{A1E66420-E485-4719-A37F-5B49AAFB43AB}.Ad-Hoc|Any CPU.Build.0 = Release|Any CPU
		{A1E66420-E485-4719-A37F-5B49AAFB43AB}.Ad-Hoc|ARM.ActiveCfg = Release|Any CPU
		{A1E66420-E485-4719-A37F-5B49AAFB43AB}.Ad-Hoc|ARM.Build.0 = Release|Any CPU
		{A1E66420-E485-4719-A37F-5B49AAFB43AB}.Ad-Hoc|ARM64.ActiveCfg = Release|Any CPU
		{A1E66420-E485-4719-A37F-5B49AAFB43AB}.Ad-Hoc|ARM64.Build.0 = Release|Any CPU
		{A1E66420-E485-4719-A37F-5B49AAFB43AB}.Ad-Hoc|iPhone.ActiveCfg = Release|Any CPU
		{A1E66420-E485-4719-A37F-5B49AAFB43AB}.Ad-Hoc|iPhone.Build.0 = Release|Any CPU
		{A1E66420-E485-4719-A37F-5B49AAFB43AB}.Ad-Hoc|iPhoneSimulator.ActiveCfg = Release|Any CPU
		{A1E66420-E485-4719-A37F-5B49AAFB43AB}.Ad-Hoc|iPhoneSimulator.Build.0 = Release|Any CPU
		{A1E66420-E485-4719-A37F-5B49AAFB43AB}.Ad-Hoc|x64.ActiveCfg = Release|Any CPU
		{A1E66420-E485-4719-A37F-5B49AAFB43AB}.Ad-Hoc|x64.Build.0 = Release|Any CPU
		{A1E66420-E485-4719-A37F-5B49AAFB43AB}.Ad-Hoc|x86.ActiveCfg = Release|Any CPU
		{A1E66420-E485-4719-A37F-5B49AAFB43AB}.Ad-Hoc|x86.Build.0 = Release|Any CPU
		{A1E66420-E485-4719-A37F-5B49AAFB43AB}.AppStore|Any CPU.ActiveCfg = Release|Any CPU
		{A1E66420-E485-4719-A37F-5B49AAFB43AB}.AppStore|Any CPU.Build.0 = Release|Any CPU
		{A1E66420-E485-4719-A37F-5B49AAFB43AB}.AppStore|ARM.ActiveCfg = Release|Any CPU
		{A1E66420-E485-4719-A37F-5B49AAFB43AB}.AppStore|ARM.Build.0 = Release|Any CPU
		{A1E66420-E485-4719-A37F-5B49AAFB43AB}.AppStore|ARM64.ActiveCfg = Release|Any CPU
		{A1E66420-E485-4719-A37F-5B49AAFB43AB}.AppStore|ARM64.Build.0 = Release|Any CPU
		{A1E66420-E485-4719-A37F-5B49AAFB43AB}.AppStore|iPhone.ActiveCfg = Release|Any CPU
		{A1E66420-E485-4719-A37F-5B49AAFB43AB}.AppStore|iPhone.Build.0 = Release|Any CPU
		{A1E66420-E485-4719-A37F-5B49AAFB43AB}.AppStore|iPhoneSimulator.ActiveCfg = Release|Any CPU
		{A1E66420-E485-4719-A37F-5B49AAFB43AB}.AppStore|iPhoneSimulator.Build.0 = Release|Any CPU
		{A1E66420-E485-4719-A37F-5B49AAFB43AB}.AppStore|x64.ActiveCfg = Release|Any CPU
		{A1E66420-E485-4719-A37F-5B49AAFB43AB}.AppStore|x64.Build.0 = Release|Any CPU
		{A1E66420-E485-4719-A37F-5B49AAFB43AB}.AppStore|x86.ActiveCfg = Release|Any CPU
		{A1E66420-E485-4719-A37F-5B49AAFB43AB}.AppStore|x86.Build.0 = Release|Any CPU
		{A1E66420-E485-4719-A37F-5B49AAFB43AB}.Debug|Any CPU.ActiveCfg = Debug|Any CPU
		{A1E66420-E485-4719-A37F-5B49AAFB43AB}.Debug|Any CPU.Build.0 = Debug|Any CPU
		{A1E66420-E485-4719-A37F-5B49AAFB43AB}.Debug|ARM.ActiveCfg = Debug|Any CPU
		{A1E66420-E485-4719-A37F-5B49AAFB43AB}.Debug|ARM.Build.0 = Debug|Any CPU
		{A1E66420-E485-4719-A37F-5B49AAFB43AB}.Debug|ARM64.ActiveCfg = Debug|Any CPU
		{A1E66420-E485-4719-A37F-5B49AAFB43AB}.Debug|ARM64.Build.0 = Debug|Any CPU
		{A1E66420-E485-4719-A37F-5B49AAFB43AB}.Debug|iPhone.ActiveCfg = Debug|Any CPU
		{A1E66420-E485-4719-A37F-5B49AAFB43AB}.Debug|iPhone.Build.0 = Debug|Any CPU
		{A1E66420-E485-4719-A37F-5B49AAFB43AB}.Debug|iPhoneSimulator.ActiveCfg = Debug|Any CPU
		{A1E66420-E485-4719-A37F-5B49AAFB43AB}.Debug|iPhoneSimulator.Build.0 = Debug|Any CPU
		{A1E66420-E485-4719-A37F-5B49AAFB43AB}.Debug|x64.ActiveCfg = Debug|Any CPU
		{A1E66420-E485-4719-A37F-5B49AAFB43AB}.Debug|x64.Build.0 = Debug|Any CPU
		{A1E66420-E485-4719-A37F-5B49AAFB43AB}.Debug|x86.ActiveCfg = Debug|Any CPU
		{A1E66420-E485-4719-A37F-5B49AAFB43AB}.Debug|x86.Build.0 = Debug|Any CPU
		{A1E66420-E485-4719-A37F-5B49AAFB43AB}.Release|Any CPU.ActiveCfg = Release|Any CPU
		{A1E66420-E485-4719-A37F-5B49AAFB43AB}.Release|Any CPU.Build.0 = Release|Any CPU
		{A1E66420-E485-4719-A37F-5B49AAFB43AB}.Release|ARM.ActiveCfg = Release|Any CPU
		{A1E66420-E485-4719-A37F-5B49AAFB43AB}.Release|ARM.Build.0 = Release|Any CPU
		{A1E66420-E485-4719-A37F-5B49AAFB43AB}.Release|ARM64.ActiveCfg = Release|Any CPU
		{A1E66420-E485-4719-A37F-5B49AAFB43AB}.Release|ARM64.Build.0 = Release|Any CPU
		{A1E66420-E485-4719-A37F-5B49AAFB43AB}.Release|iPhone.ActiveCfg = Release|Any CPU
		{A1E66420-E485-4719-A37F-5B49AAFB43AB}.Release|iPhone.Build.0 = Release|Any CPU
		{A1E66420-E485-4719-A37F-5B49AAFB43AB}.Release|iPhoneSimulator.ActiveCfg = Release|Any CPU
		{A1E66420-E485-4719-A37F-5B49AAFB43AB}.Release|iPhoneSimulator.Build.0 = Release|Any CPU
		{A1E66420-E485-4719-A37F-5B49AAFB43AB}.Release|x64.ActiveCfg = Release|Any CPU
		{A1E66420-E485-4719-A37F-5B49AAFB43AB}.Release|x64.Build.0 = Release|Any CPU
		{A1E66420-E485-4719-A37F-5B49AAFB43AB}.Release|x86.ActiveCfg = Release|Any CPU
		{A1E66420-E485-4719-A37F-5B49AAFB43AB}.Release|x86.Build.0 = Release|Any CPU
		{57B4C84E-427E-4041-A4E0-14A3C00E6BA5}.Ad-Hoc|Any CPU.ActiveCfg = Release|Any CPU
		{57B4C84E-427E-4041-A4E0-14A3C00E6BA5}.Ad-Hoc|Any CPU.Build.0 = Release|Any CPU
		{57B4C84E-427E-4041-A4E0-14A3C00E6BA5}.Ad-Hoc|ARM.ActiveCfg = Release|Any CPU
		{57B4C84E-427E-4041-A4E0-14A3C00E6BA5}.Ad-Hoc|ARM.Build.0 = Release|Any CPU
		{57B4C84E-427E-4041-A4E0-14A3C00E6BA5}.Ad-Hoc|ARM64.ActiveCfg = Release|Any CPU
		{57B4C84E-427E-4041-A4E0-14A3C00E6BA5}.Ad-Hoc|ARM64.Build.0 = Release|Any CPU
		{57B4C84E-427E-4041-A4E0-14A3C00E6BA5}.Ad-Hoc|iPhone.ActiveCfg = Release|Any CPU
		{57B4C84E-427E-4041-A4E0-14A3C00E6BA5}.Ad-Hoc|iPhone.Build.0 = Release|Any CPU
		{57B4C84E-427E-4041-A4E0-14A3C00E6BA5}.Ad-Hoc|iPhoneSimulator.ActiveCfg = Release|Any CPU
		{57B4C84E-427E-4041-A4E0-14A3C00E6BA5}.Ad-Hoc|iPhoneSimulator.Build.0 = Release|Any CPU
		{57B4C84E-427E-4041-A4E0-14A3C00E6BA5}.Ad-Hoc|x64.ActiveCfg = Release|Any CPU
		{57B4C84E-427E-4041-A4E0-14A3C00E6BA5}.Ad-Hoc|x64.Build.0 = Release|Any CPU
		{57B4C84E-427E-4041-A4E0-14A3C00E6BA5}.Ad-Hoc|x86.ActiveCfg = Release|Any CPU
		{57B4C84E-427E-4041-A4E0-14A3C00E6BA5}.Ad-Hoc|x86.Build.0 = Release|Any CPU
		{57B4C84E-427E-4041-A4E0-14A3C00E6BA5}.AppStore|Any CPU.ActiveCfg = Release|Any CPU
		{57B4C84E-427E-4041-A4E0-14A3C00E6BA5}.AppStore|Any CPU.Build.0 = Release|Any CPU
		{57B4C84E-427E-4041-A4E0-14A3C00E6BA5}.AppStore|ARM.ActiveCfg = Release|Any CPU
		{57B4C84E-427E-4041-A4E0-14A3C00E6BA5}.AppStore|ARM.Build.0 = Release|Any CPU
		{57B4C84E-427E-4041-A4E0-14A3C00E6BA5}.AppStore|ARM64.ActiveCfg = Release|Any CPU
		{57B4C84E-427E-4041-A4E0-14A3C00E6BA5}.AppStore|ARM64.Build.0 = Release|Any CPU
		{57B4C84E-427E-4041-A4E0-14A3C00E6BA5}.AppStore|iPhone.ActiveCfg = Release|Any CPU
		{57B4C84E-427E-4041-A4E0-14A3C00E6BA5}.AppStore|iPhone.Build.0 = Release|Any CPU
		{57B4C84E-427E-4041-A4E0-14A3C00E6BA5}.AppStore|iPhoneSimulator.ActiveCfg = Release|Any CPU
		{57B4C84E-427E-4041-A4E0-14A3C00E6BA5}.AppStore|iPhoneSimulator.Build.0 = Release|Any CPU
		{57B4C84E-427E-4041-A4E0-14A3C00E6BA5}.AppStore|x64.ActiveCfg = Release|Any CPU
		{57B4C84E-427E-4041-A4E0-14A3C00E6BA5}.AppStore|x64.Build.0 = Release|Any CPU
		{57B4C84E-427E-4041-A4E0-14A3C00E6BA5}.AppStore|x86.ActiveCfg = Release|Any CPU
		{57B4C84E-427E-4041-A4E0-14A3C00E6BA5}.AppStore|x86.Build.0 = Release|Any CPU
		{57B4C84E-427E-4041-A4E0-14A3C00E6BA5}.Debug|Any CPU.ActiveCfg = Debug|Any CPU
		{57B4C84E-427E-4041-A4E0-14A3C00E6BA5}.Debug|Any CPU.Build.0 = Debug|Any CPU
		{57B4C84E-427E-4041-A4E0-14A3C00E6BA5}.Debug|ARM.ActiveCfg = Debug|Any CPU
		{57B4C84E-427E-4041-A4E0-14A3C00E6BA5}.Debug|ARM.Build.0 = Debug|Any CPU
		{57B4C84E-427E-4041-A4E0-14A3C00E6BA5}.Debug|ARM64.ActiveCfg = Debug|Any CPU
		{57B4C84E-427E-4041-A4E0-14A3C00E6BA5}.Debug|ARM64.Build.0 = Debug|Any CPU
		{57B4C84E-427E-4041-A4E0-14A3C00E6BA5}.Debug|iPhone.ActiveCfg = Debug|Any CPU
		{57B4C84E-427E-4041-A4E0-14A3C00E6BA5}.Debug|iPhone.Build.0 = Debug|Any CPU
		{57B4C84E-427E-4041-A4E0-14A3C00E6BA5}.Debug|iPhoneSimulator.ActiveCfg = Debug|Any CPU
		{57B4C84E-427E-4041-A4E0-14A3C00E6BA5}.Debug|iPhoneSimulator.Build.0 = Debug|Any CPU
		{57B4C84E-427E-4041-A4E0-14A3C00E6BA5}.Debug|x64.ActiveCfg = Debug|Any CPU
		{57B4C84E-427E-4041-A4E0-14A3C00E6BA5}.Debug|x64.Build.0 = Debug|Any CPU
		{57B4C84E-427E-4041-A4E0-14A3C00E6BA5}.Debug|x86.ActiveCfg = Debug|Any CPU
		{57B4C84E-427E-4041-A4E0-14A3C00E6BA5}.Debug|x86.Build.0 = Debug|Any CPU
		{57B4C84E-427E-4041-A4E0-14A3C00E6BA5}.Release|Any CPU.ActiveCfg = Release|Any CPU
		{57B4C84E-427E-4041-A4E0-14A3C00E6BA5}.Release|Any CPU.Build.0 = Release|Any CPU
		{57B4C84E-427E-4041-A4E0-14A3C00E6BA5}.Release|ARM.ActiveCfg = Release|Any CPU
		{57B4C84E-427E-4041-A4E0-14A3C00E6BA5}.Release|ARM.Build.0 = Release|Any CPU
		{57B4C84E-427E-4041-A4E0-14A3C00E6BA5}.Release|ARM64.ActiveCfg = Release|Any CPU
		{57B4C84E-427E-4041-A4E0-14A3C00E6BA5}.Release|ARM64.Build.0 = Release|Any CPU
		{57B4C84E-427E-4041-A4E0-14A3C00E6BA5}.Release|iPhone.ActiveCfg = Release|Any CPU
		{57B4C84E-427E-4041-A4E0-14A3C00E6BA5}.Release|iPhone.Build.0 = Release|Any CPU
		{57B4C84E-427E-4041-A4E0-14A3C00E6BA5}.Release|iPhoneSimulator.ActiveCfg = Release|Any CPU
		{57B4C84E-427E-4041-A4E0-14A3C00E6BA5}.Release|iPhoneSimulator.Build.0 = Release|Any CPU
		{57B4C84E-427E-4041-A4E0-14A3C00E6BA5}.Release|x64.ActiveCfg = Release|Any CPU
		{57B4C84E-427E-4041-A4E0-14A3C00E6BA5}.Release|x64.Build.0 = Release|Any CPU
		{57B4C84E-427E-4041-A4E0-14A3C00E6BA5}.Release|x86.ActiveCfg = Release|Any CPU
		{57B4C84E-427E-4041-A4E0-14A3C00E6BA5}.Release|x86.Build.0 = Release|Any CPU
		{E2EEEC5A-6A07-447E-9E95-C14307F57EDE}.Ad-Hoc|Any CPU.ActiveCfg = Release|Any CPU
		{E2EEEC5A-6A07-447E-9E95-C14307F57EDE}.Ad-Hoc|Any CPU.Build.0 = Release|Any CPU
		{E2EEEC5A-6A07-447E-9E95-C14307F57EDE}.Ad-Hoc|ARM.ActiveCfg = Release|Any CPU
		{E2EEEC5A-6A07-447E-9E95-C14307F57EDE}.Ad-Hoc|ARM.Build.0 = Release|Any CPU
		{E2EEEC5A-6A07-447E-9E95-C14307F57EDE}.Ad-Hoc|ARM64.ActiveCfg = Release|Any CPU
		{E2EEEC5A-6A07-447E-9E95-C14307F57EDE}.Ad-Hoc|ARM64.Build.0 = Release|Any CPU
		{E2EEEC5A-6A07-447E-9E95-C14307F57EDE}.Ad-Hoc|iPhone.ActiveCfg = Release|Any CPU
		{E2EEEC5A-6A07-447E-9E95-C14307F57EDE}.Ad-Hoc|iPhone.Build.0 = Release|Any CPU
		{E2EEEC5A-6A07-447E-9E95-C14307F57EDE}.Ad-Hoc|iPhoneSimulator.ActiveCfg = Release|Any CPU
		{E2EEEC5A-6A07-447E-9E95-C14307F57EDE}.Ad-Hoc|iPhoneSimulator.Build.0 = Release|Any CPU
		{E2EEEC5A-6A07-447E-9E95-C14307F57EDE}.Ad-Hoc|x64.ActiveCfg = Release|Any CPU
		{E2EEEC5A-6A07-447E-9E95-C14307F57EDE}.Ad-Hoc|x64.Build.0 = Release|Any CPU
		{E2EEEC5A-6A07-447E-9E95-C14307F57EDE}.Ad-Hoc|x86.ActiveCfg = Release|Any CPU
		{E2EEEC5A-6A07-447E-9E95-C14307F57EDE}.Ad-Hoc|x86.Build.0 = Release|Any CPU
		{E2EEEC5A-6A07-447E-9E95-C14307F57EDE}.AppStore|Any CPU.ActiveCfg = Release|Any CPU
		{E2EEEC5A-6A07-447E-9E95-C14307F57EDE}.AppStore|Any CPU.Build.0 = Release|Any CPU
		{E2EEEC5A-6A07-447E-9E95-C14307F57EDE}.AppStore|ARM.ActiveCfg = Release|Any CPU
		{E2EEEC5A-6A07-447E-9E95-C14307F57EDE}.AppStore|ARM.Build.0 = Release|Any CPU
		{E2EEEC5A-6A07-447E-9E95-C14307F57EDE}.AppStore|ARM64.ActiveCfg = Release|Any CPU
		{E2EEEC5A-6A07-447E-9E95-C14307F57EDE}.AppStore|ARM64.Build.0 = Release|Any CPU
		{E2EEEC5A-6A07-447E-9E95-C14307F57EDE}.AppStore|iPhone.ActiveCfg = Release|Any CPU
		{E2EEEC5A-6A07-447E-9E95-C14307F57EDE}.AppStore|iPhone.Build.0 = Release|Any CPU
		{E2EEEC5A-6A07-447E-9E95-C14307F57EDE}.AppStore|iPhoneSimulator.ActiveCfg = Release|Any CPU
		{E2EEEC5A-6A07-447E-9E95-C14307F57EDE}.AppStore|iPhoneSimulator.Build.0 = Release|Any CPU
		{E2EEEC5A-6A07-447E-9E95-C14307F57EDE}.AppStore|x64.ActiveCfg = Release|Any CPU
		{E2EEEC5A-6A07-447E-9E95-C14307F57EDE}.AppStore|x64.Build.0 = Release|Any CPU
		{E2EEEC5A-6A07-447E-9E95-C14307F57EDE}.AppStore|x86.ActiveCfg = Release|Any CPU
		{E2EEEC5A-6A07-447E-9E95-C14307F57EDE}.AppStore|x86.Build.0 = Release|Any CPU
		{E2EEEC5A-6A07-447E-9E95-C14307F57EDE}.Debug|Any CPU.ActiveCfg = Debug|Any CPU
		{E2EEEC5A-6A07-447E-9E95-C14307F57EDE}.Debug|Any CPU.Build.0 = Debug|Any CPU
		{E2EEEC5A-6A07-447E-9E95-C14307F57EDE}.Debug|ARM.ActiveCfg = Debug|Any CPU
		{E2EEEC5A-6A07-447E-9E95-C14307F57EDE}.Debug|ARM.Build.0 = Debug|Any CPU
		{E2EEEC5A-6A07-447E-9E95-C14307F57EDE}.Debug|ARM64.ActiveCfg = Debug|Any CPU
		{E2EEEC5A-6A07-447E-9E95-C14307F57EDE}.Debug|ARM64.Build.0 = Debug|Any CPU
		{E2EEEC5A-6A07-447E-9E95-C14307F57EDE}.Debug|iPhone.ActiveCfg = Debug|Any CPU
		{E2EEEC5A-6A07-447E-9E95-C14307F57EDE}.Debug|iPhone.Build.0 = Debug|Any CPU
		{E2EEEC5A-6A07-447E-9E95-C14307F57EDE}.Debug|iPhoneSimulator.ActiveCfg = Debug|Any CPU
		{E2EEEC5A-6A07-447E-9E95-C14307F57EDE}.Debug|iPhoneSimulator.Build.0 = Debug|Any CPU
		{E2EEEC5A-6A07-447E-9E95-C14307F57EDE}.Debug|x64.ActiveCfg = Debug|Any CPU
		{E2EEEC5A-6A07-447E-9E95-C14307F57EDE}.Debug|x64.Build.0 = Debug|Any CPU
		{E2EEEC5A-6A07-447E-9E95-C14307F57EDE}.Debug|x86.ActiveCfg = Debug|Any CPU
		{E2EEEC5A-6A07-447E-9E95-C14307F57EDE}.Debug|x86.Build.0 = Debug|Any CPU
		{E2EEEC5A-6A07-447E-9E95-C14307F57EDE}.Release|Any CPU.ActiveCfg = Release|Any CPU
		{E2EEEC5A-6A07-447E-9E95-C14307F57EDE}.Release|Any CPU.Build.0 = Release|Any CPU
		{E2EEEC5A-6A07-447E-9E95-C14307F57EDE}.Release|ARM.ActiveCfg = Release|Any CPU
		{E2EEEC5A-6A07-447E-9E95-C14307F57EDE}.Release|ARM.Build.0 = Release|Any CPU
		{E2EEEC5A-6A07-447E-9E95-C14307F57EDE}.Release|ARM64.ActiveCfg = Release|Any CPU
		{E2EEEC5A-6A07-447E-9E95-C14307F57EDE}.Release|ARM64.Build.0 = Release|Any CPU
		{E2EEEC5A-6A07-447E-9E95-C14307F57EDE}.Release|iPhone.ActiveCfg = Release|Any CPU
		{E2EEEC5A-6A07-447E-9E95-C14307F57EDE}.Release|iPhone.Build.0 = Release|Any CPU
		{E2EEEC5A-6A07-447E-9E95-C14307F57EDE}.Release|iPhoneSimulator.ActiveCfg = Release|Any CPU
		{E2EEEC5A-6A07-447E-9E95-C14307F57EDE}.Release|iPhoneSimulator.Build.0 = Release|Any CPU
		{E2EEEC5A-6A07-447E-9E95-C14307F57EDE}.Release|x64.ActiveCfg = Release|Any CPU
		{E2EEEC5A-6A07-447E-9E95-C14307F57EDE}.Release|x64.Build.0 = Release|Any CPU
		{E2EEEC5A-6A07-447E-9E95-C14307F57EDE}.Release|x86.ActiveCfg = Release|Any CPU
		{E2EEEC5A-6A07-447E-9E95-C14307F57EDE}.Release|x86.Build.0 = Release|Any CPU
		{452579BF-FF89-46FD-953D-E9D02D71EFDD}.Ad-Hoc|Any CPU.ActiveCfg = Debug|ARM64
		{452579BF-FF89-46FD-953D-E9D02D71EFDD}.Ad-Hoc|Any CPU.Build.0 = Debug|ARM64
		{452579BF-FF89-46FD-953D-E9D02D71EFDD}.Ad-Hoc|Any CPU.Deploy.0 = Debug|ARM64
		{452579BF-FF89-46FD-953D-E9D02D71EFDD}.Ad-Hoc|ARM.ActiveCfg = Debug|ARM64
		{452579BF-FF89-46FD-953D-E9D02D71EFDD}.Ad-Hoc|ARM.Build.0 = Debug|ARM64
		{452579BF-FF89-46FD-953D-E9D02D71EFDD}.Ad-Hoc|ARM.Deploy.0 = Debug|ARM64
		{452579BF-FF89-46FD-953D-E9D02D71EFDD}.Ad-Hoc|ARM64.ActiveCfg = Debug|ARM64
		{452579BF-FF89-46FD-953D-E9D02D71EFDD}.Ad-Hoc|ARM64.Build.0 = Debug|ARM64
		{452579BF-FF89-46FD-953D-E9D02D71EFDD}.Ad-Hoc|ARM64.Deploy.0 = Debug|ARM64
		{452579BF-FF89-46FD-953D-E9D02D71EFDD}.Ad-Hoc|iPhone.ActiveCfg = Debug|ARM64
		{452579BF-FF89-46FD-953D-E9D02D71EFDD}.Ad-Hoc|iPhone.Build.0 = Debug|ARM64
		{452579BF-FF89-46FD-953D-E9D02D71EFDD}.Ad-Hoc|iPhone.Deploy.0 = Debug|ARM64
		{452579BF-FF89-46FD-953D-E9D02D71EFDD}.Ad-Hoc|iPhoneSimulator.ActiveCfg = Debug|ARM64
		{452579BF-FF89-46FD-953D-E9D02D71EFDD}.Ad-Hoc|iPhoneSimulator.Build.0 = Debug|ARM64
		{452579BF-FF89-46FD-953D-E9D02D71EFDD}.Ad-Hoc|iPhoneSimulator.Deploy.0 = Debug|ARM64
		{452579BF-FF89-46FD-953D-E9D02D71EFDD}.Ad-Hoc|x64.ActiveCfg = Release|x64
		{452579BF-FF89-46FD-953D-E9D02D71EFDD}.Ad-Hoc|x64.Build.0 = Release|x64
		{452579BF-FF89-46FD-953D-E9D02D71EFDD}.Ad-Hoc|x64.Deploy.0 = Release|x64
		{452579BF-FF89-46FD-953D-E9D02D71EFDD}.Ad-Hoc|x86.ActiveCfg = Debug|x86
		{452579BF-FF89-46FD-953D-E9D02D71EFDD}.Ad-Hoc|x86.Build.0 = Debug|x86
		{452579BF-FF89-46FD-953D-E9D02D71EFDD}.Ad-Hoc|x86.Deploy.0 = Debug|x86
		{452579BF-FF89-46FD-953D-E9D02D71EFDD}.AppStore|Any CPU.ActiveCfg = Debug|ARM64
		{452579BF-FF89-46FD-953D-E9D02D71EFDD}.AppStore|Any CPU.Build.0 = Debug|ARM64
		{452579BF-FF89-46FD-953D-E9D02D71EFDD}.AppStore|Any CPU.Deploy.0 = Debug|ARM64
		{452579BF-FF89-46FD-953D-E9D02D71EFDD}.AppStore|ARM.ActiveCfg = Debug|ARM64
		{452579BF-FF89-46FD-953D-E9D02D71EFDD}.AppStore|ARM.Build.0 = Debug|ARM64
		{452579BF-FF89-46FD-953D-E9D02D71EFDD}.AppStore|ARM.Deploy.0 = Debug|ARM64
		{452579BF-FF89-46FD-953D-E9D02D71EFDD}.AppStore|ARM64.ActiveCfg = Debug|ARM64
		{452579BF-FF89-46FD-953D-E9D02D71EFDD}.AppStore|ARM64.Build.0 = Debug|ARM64
		{452579BF-FF89-46FD-953D-E9D02D71EFDD}.AppStore|ARM64.Deploy.0 = Debug|ARM64
		{452579BF-FF89-46FD-953D-E9D02D71EFDD}.AppStore|iPhone.ActiveCfg = Debug|ARM64
		{452579BF-FF89-46FD-953D-E9D02D71EFDD}.AppStore|iPhone.Build.0 = Debug|ARM64
		{452579BF-FF89-46FD-953D-E9D02D71EFDD}.AppStore|iPhone.Deploy.0 = Debug|ARM64
		{452579BF-FF89-46FD-953D-E9D02D71EFDD}.AppStore|iPhoneSimulator.ActiveCfg = Debug|ARM64
		{452579BF-FF89-46FD-953D-E9D02D71EFDD}.AppStore|iPhoneSimulator.Build.0 = Debug|ARM64
		{452579BF-FF89-46FD-953D-E9D02D71EFDD}.AppStore|iPhoneSimulator.Deploy.0 = Debug|ARM64
		{452579BF-FF89-46FD-953D-E9D02D71EFDD}.AppStore|x64.ActiveCfg = Release|x64
		{452579BF-FF89-46FD-953D-E9D02D71EFDD}.AppStore|x64.Build.0 = Release|x64
		{452579BF-FF89-46FD-953D-E9D02D71EFDD}.AppStore|x64.Deploy.0 = Release|x64
		{452579BF-FF89-46FD-953D-E9D02D71EFDD}.AppStore|x86.ActiveCfg = Debug|x86
		{452579BF-FF89-46FD-953D-E9D02D71EFDD}.AppStore|x86.Build.0 = Debug|x86
		{452579BF-FF89-46FD-953D-E9D02D71EFDD}.AppStore|x86.Deploy.0 = Debug|x86
		{452579BF-FF89-46FD-953D-E9D02D71EFDD}.Debug|Any CPU.ActiveCfg = Debug|x64
		{452579BF-FF89-46FD-953D-E9D02D71EFDD}.Debug|Any CPU.Build.0 = Debug|x64
		{452579BF-FF89-46FD-953D-E9D02D71EFDD}.Debug|Any CPU.Deploy.0 = Debug|x64
		{452579BF-FF89-46FD-953D-E9D02D71EFDD}.Debug|ARM.ActiveCfg = Debug|x86
		{452579BF-FF89-46FD-953D-E9D02D71EFDD}.Debug|ARM64.ActiveCfg = Debug|ARM64
		{452579BF-FF89-46FD-953D-E9D02D71EFDD}.Debug|ARM64.Build.0 = Debug|ARM64
		{452579BF-FF89-46FD-953D-E9D02D71EFDD}.Debug|ARM64.Deploy.0 = Debug|ARM64
		{452579BF-FF89-46FD-953D-E9D02D71EFDD}.Debug|iPhone.ActiveCfg = Debug|x86
		{452579BF-FF89-46FD-953D-E9D02D71EFDD}.Debug|iPhoneSimulator.ActiveCfg = Debug|x86
		{452579BF-FF89-46FD-953D-E9D02D71EFDD}.Debug|x64.ActiveCfg = Debug|x64
		{452579BF-FF89-46FD-953D-E9D02D71EFDD}.Debug|x64.Build.0 = Debug|x64
		{452579BF-FF89-46FD-953D-E9D02D71EFDD}.Debug|x64.Deploy.0 = Debug|x64
		{452579BF-FF89-46FD-953D-E9D02D71EFDD}.Debug|x86.ActiveCfg = Debug|x86
		{452579BF-FF89-46FD-953D-E9D02D71EFDD}.Debug|x86.Build.0 = Debug|x86
		{452579BF-FF89-46FD-953D-E9D02D71EFDD}.Debug|x86.Deploy.0 = Debug|x86
		{452579BF-FF89-46FD-953D-E9D02D71EFDD}.Release|Any CPU.ActiveCfg = Release|x64
		{452579BF-FF89-46FD-953D-E9D02D71EFDD}.Release|Any CPU.Build.0 = Release|x64
		{452579BF-FF89-46FD-953D-E9D02D71EFDD}.Release|Any CPU.Deploy.0 = Release|x64
		{452579BF-FF89-46FD-953D-E9D02D71EFDD}.Release|ARM.ActiveCfg = Release|x86
		{452579BF-FF89-46FD-953D-E9D02D71EFDD}.Release|ARM64.ActiveCfg = Release|ARM64
		{452579BF-FF89-46FD-953D-E9D02D71EFDD}.Release|ARM64.Build.0 = Release|ARM64
		{452579BF-FF89-46FD-953D-E9D02D71EFDD}.Release|ARM64.Deploy.0 = Release|ARM64
		{452579BF-FF89-46FD-953D-E9D02D71EFDD}.Release|iPhone.ActiveCfg = Release|x86
		{452579BF-FF89-46FD-953D-E9D02D71EFDD}.Release|iPhoneSimulator.ActiveCfg = Release|x86
		{452579BF-FF89-46FD-953D-E9D02D71EFDD}.Release|x64.ActiveCfg = Release|x64
		{452579BF-FF89-46FD-953D-E9D02D71EFDD}.Release|x64.Build.0 = Release|x64
		{452579BF-FF89-46FD-953D-E9D02D71EFDD}.Release|x64.Deploy.0 = Release|x64
		{452579BF-FF89-46FD-953D-E9D02D71EFDD}.Release|x86.ActiveCfg = Release|x86
		{452579BF-FF89-46FD-953D-E9D02D71EFDD}.Release|x86.Build.0 = Release|x86
		{452579BF-FF89-46FD-953D-E9D02D71EFDD}.Release|x86.Deploy.0 = Release|x86
		{F560302F-527B-4622-9042-F18A3E339B86}.Ad-Hoc|Any CPU.ActiveCfg = Release|Any CPU
		{F560302F-527B-4622-9042-F18A3E339B86}.Ad-Hoc|Any CPU.Build.0 = Release|Any CPU
		{F560302F-527B-4622-9042-F18A3E339B86}.Ad-Hoc|ARM.ActiveCfg = Release|Any CPU
		{F560302F-527B-4622-9042-F18A3E339B86}.Ad-Hoc|ARM.Build.0 = Release|Any CPU
		{F560302F-527B-4622-9042-F18A3E339B86}.Ad-Hoc|ARM64.ActiveCfg = Release|Any CPU
		{F560302F-527B-4622-9042-F18A3E339B86}.Ad-Hoc|ARM64.Build.0 = Release|Any CPU
		{F560302F-527B-4622-9042-F18A3E339B86}.Ad-Hoc|iPhone.ActiveCfg = Release|Any CPU
		{F560302F-527B-4622-9042-F18A3E339B86}.Ad-Hoc|iPhone.Build.0 = Release|Any CPU
		{F560302F-527B-4622-9042-F18A3E339B86}.Ad-Hoc|iPhoneSimulator.ActiveCfg = Release|Any CPU
		{F560302F-527B-4622-9042-F18A3E339B86}.Ad-Hoc|iPhoneSimulator.Build.0 = Release|Any CPU
		{F560302F-527B-4622-9042-F18A3E339B86}.Ad-Hoc|x64.ActiveCfg = Release|Any CPU
		{F560302F-527B-4622-9042-F18A3E339B86}.Ad-Hoc|x64.Build.0 = Release|Any CPU
		{F560302F-527B-4622-9042-F18A3E339B86}.Ad-Hoc|x86.ActiveCfg = Release|Any CPU
		{F560302F-527B-4622-9042-F18A3E339B86}.Ad-Hoc|x86.Build.0 = Release|Any CPU
		{F560302F-527B-4622-9042-F18A3E339B86}.AppStore|Any CPU.ActiveCfg = Release|Any CPU
		{F560302F-527B-4622-9042-F18A3E339B86}.AppStore|Any CPU.Build.0 = Release|Any CPU
		{F560302F-527B-4622-9042-F18A3E339B86}.AppStore|ARM.ActiveCfg = Release|Any CPU
		{F560302F-527B-4622-9042-F18A3E339B86}.AppStore|ARM.Build.0 = Release|Any CPU
		{F560302F-527B-4622-9042-F18A3E339B86}.AppStore|ARM64.ActiveCfg = Release|Any CPU
		{F560302F-527B-4622-9042-F18A3E339B86}.AppStore|ARM64.Build.0 = Release|Any CPU
		{F560302F-527B-4622-9042-F18A3E339B86}.AppStore|iPhone.ActiveCfg = Release|Any CPU
		{F560302F-527B-4622-9042-F18A3E339B86}.AppStore|iPhone.Build.0 = Release|Any CPU
		{F560302F-527B-4622-9042-F18A3E339B86}.AppStore|iPhoneSimulator.ActiveCfg = Release|Any CPU
		{F560302F-527B-4622-9042-F18A3E339B86}.AppStore|iPhoneSimulator.Build.0 = Release|Any CPU
		{F560302F-527B-4622-9042-F18A3E339B86}.AppStore|x64.ActiveCfg = Release|Any CPU
		{F560302F-527B-4622-9042-F18A3E339B86}.AppStore|x64.Build.0 = Release|Any CPU
		{F560302F-527B-4622-9042-F18A3E339B86}.AppStore|x86.ActiveCfg = Release|Any CPU
		{F560302F-527B-4622-9042-F18A3E339B86}.AppStore|x86.Build.0 = Release|Any CPU
		{F560302F-527B-4622-9042-F18A3E339B86}.Debug|Any CPU.ActiveCfg = Debug|Any CPU
		{F560302F-527B-4622-9042-F18A3E339B86}.Debug|Any CPU.Build.0 = Debug|Any CPU
		{F560302F-527B-4622-9042-F18A3E339B86}.Debug|ARM.ActiveCfg = Debug|Any CPU
		{F560302F-527B-4622-9042-F18A3E339B86}.Debug|ARM.Build.0 = Debug|Any CPU
		{F560302F-527B-4622-9042-F18A3E339B86}.Debug|ARM64.ActiveCfg = Debug|Any CPU
		{F560302F-527B-4622-9042-F18A3E339B86}.Debug|ARM64.Build.0 = Debug|Any CPU
		{F560302F-527B-4622-9042-F18A3E339B86}.Debug|iPhone.ActiveCfg = Debug|Any CPU
		{F560302F-527B-4622-9042-F18A3E339B86}.Debug|iPhone.Build.0 = Debug|Any CPU
		{F560302F-527B-4622-9042-F18A3E339B86}.Debug|iPhoneSimulator.ActiveCfg = Debug|Any CPU
		{F560302F-527B-4622-9042-F18A3E339B86}.Debug|iPhoneSimulator.Build.0 = Debug|Any CPU
		{F560302F-527B-4622-9042-F18A3E339B86}.Debug|x64.ActiveCfg = Debug|Any CPU
		{F560302F-527B-4622-9042-F18A3E339B86}.Debug|x64.Build.0 = Debug|Any CPU
		{F560302F-527B-4622-9042-F18A3E339B86}.Debug|x86.ActiveCfg = Debug|Any CPU
		{F560302F-527B-4622-9042-F18A3E339B86}.Debug|x86.Build.0 = Debug|Any CPU
		{F560302F-527B-4622-9042-F18A3E339B86}.Release|Any CPU.ActiveCfg = Release|Any CPU
		{F560302F-527B-4622-9042-F18A3E339B86}.Release|Any CPU.Build.0 = Release|Any CPU
		{F560302F-527B-4622-9042-F18A3E339B86}.Release|ARM.ActiveCfg = Release|Any CPU
		{F560302F-527B-4622-9042-F18A3E339B86}.Release|ARM.Build.0 = Release|Any CPU
		{F560302F-527B-4622-9042-F18A3E339B86}.Release|ARM64.ActiveCfg = Release|Any CPU
		{F560302F-527B-4622-9042-F18A3E339B86}.Release|ARM64.Build.0 = Release|Any CPU
		{F560302F-527B-4622-9042-F18A3E339B86}.Release|iPhone.ActiveCfg = Release|Any CPU
		{F560302F-527B-4622-9042-F18A3E339B86}.Release|iPhone.Build.0 = Release|Any CPU
		{F560302F-527B-4622-9042-F18A3E339B86}.Release|iPhoneSimulator.ActiveCfg = Release|Any CPU
		{F560302F-527B-4622-9042-F18A3E339B86}.Release|iPhoneSimulator.Build.0 = Release|Any CPU
		{F560302F-527B-4622-9042-F18A3E339B86}.Release|x64.ActiveCfg = Release|Any CPU
		{F560302F-527B-4622-9042-F18A3E339B86}.Release|x64.Build.0 = Release|Any CPU
		{F560302F-527B-4622-9042-F18A3E339B86}.Release|x86.ActiveCfg = Release|Any CPU
		{F560302F-527B-4622-9042-F18A3E339B86}.Release|x86.Build.0 = Release|Any CPU
		{160E8D71-A229-46CA-93A2-D7EAF8E41867}.Ad-Hoc|Any CPU.ActiveCfg = Debug|Any CPU
		{160E8D71-A229-46CA-93A2-D7EAF8E41867}.Ad-Hoc|Any CPU.Build.0 = Debug|Any CPU
		{160E8D71-A229-46CA-93A2-D7EAF8E41867}.Ad-Hoc|ARM.ActiveCfg = Debug|Any CPU
		{160E8D71-A229-46CA-93A2-D7EAF8E41867}.Ad-Hoc|ARM.Build.0 = Debug|Any CPU
		{160E8D71-A229-46CA-93A2-D7EAF8E41867}.Ad-Hoc|ARM64.ActiveCfg = Debug|Any CPU
		{160E8D71-A229-46CA-93A2-D7EAF8E41867}.Ad-Hoc|ARM64.Build.0 = Debug|Any CPU
		{160E8D71-A229-46CA-93A2-D7EAF8E41867}.Ad-Hoc|iPhone.ActiveCfg = Debug|Any CPU
		{160E8D71-A229-46CA-93A2-D7EAF8E41867}.Ad-Hoc|iPhone.Build.0 = Debug|Any CPU
		{160E8D71-A229-46CA-93A2-D7EAF8E41867}.Ad-Hoc|iPhoneSimulator.ActiveCfg = Debug|Any CPU
		{160E8D71-A229-46CA-93A2-D7EAF8E41867}.Ad-Hoc|iPhoneSimulator.Build.0 = Debug|Any CPU
		{160E8D71-A229-46CA-93A2-D7EAF8E41867}.Ad-Hoc|x64.ActiveCfg = Debug|Any CPU
		{160E8D71-A229-46CA-93A2-D7EAF8E41867}.Ad-Hoc|x64.Build.0 = Debug|Any CPU
		{160E8D71-A229-46CA-93A2-D7EAF8E41867}.Ad-Hoc|x86.ActiveCfg = Debug|Any CPU
		{160E8D71-A229-46CA-93A2-D7EAF8E41867}.Ad-Hoc|x86.Build.0 = Debug|Any CPU
		{160E8D71-A229-46CA-93A2-D7EAF8E41867}.AppStore|Any CPU.ActiveCfg = Debug|Any CPU
		{160E8D71-A229-46CA-93A2-D7EAF8E41867}.AppStore|Any CPU.Build.0 = Debug|Any CPU
		{160E8D71-A229-46CA-93A2-D7EAF8E41867}.AppStore|ARM.ActiveCfg = Debug|Any CPU
		{160E8D71-A229-46CA-93A2-D7EAF8E41867}.AppStore|ARM.Build.0 = Debug|Any CPU
		{160E8D71-A229-46CA-93A2-D7EAF8E41867}.AppStore|ARM64.ActiveCfg = Debug|Any CPU
		{160E8D71-A229-46CA-93A2-D7EAF8E41867}.AppStore|ARM64.Build.0 = Debug|Any CPU
		{160E8D71-A229-46CA-93A2-D7EAF8E41867}.AppStore|iPhone.ActiveCfg = Debug|Any CPU
		{160E8D71-A229-46CA-93A2-D7EAF8E41867}.AppStore|iPhone.Build.0 = Debug|Any CPU
		{160E8D71-A229-46CA-93A2-D7EAF8E41867}.AppStore|iPhoneSimulator.ActiveCfg = Debug|Any CPU
		{160E8D71-A229-46CA-93A2-D7EAF8E41867}.AppStore|iPhoneSimulator.Build.0 = Debug|Any CPU
		{160E8D71-A229-46CA-93A2-D7EAF8E41867}.AppStore|x64.ActiveCfg = Debug|Any CPU
		{160E8D71-A229-46CA-93A2-D7EAF8E41867}.AppStore|x64.Build.0 = Debug|Any CPU
		{160E8D71-A229-46CA-93A2-D7EAF8E41867}.AppStore|x86.ActiveCfg = Debug|Any CPU
		{160E8D71-A229-46CA-93A2-D7EAF8E41867}.AppStore|x86.Build.0 = Debug|Any CPU
		{160E8D71-A229-46CA-93A2-D7EAF8E41867}.Debug|Any CPU.ActiveCfg = Debug|Any CPU
		{160E8D71-A229-46CA-93A2-D7EAF8E41867}.Debug|Any CPU.Build.0 = Debug|Any CPU
		{160E8D71-A229-46CA-93A2-D7EAF8E41867}.Debug|ARM.ActiveCfg = Debug|Any CPU
		{160E8D71-A229-46CA-93A2-D7EAF8E41867}.Debug|ARM.Build.0 = Debug|Any CPU
		{160E8D71-A229-46CA-93A2-D7EAF8E41867}.Debug|ARM64.ActiveCfg = Debug|Any CPU
		{160E8D71-A229-46CA-93A2-D7EAF8E41867}.Debug|ARM64.Build.0 = Debug|Any CPU
		{160E8D71-A229-46CA-93A2-D7EAF8E41867}.Debug|iPhone.ActiveCfg = Debug|Any CPU
		{160E8D71-A229-46CA-93A2-D7EAF8E41867}.Debug|iPhone.Build.0 = Debug|Any CPU
		{160E8D71-A229-46CA-93A2-D7EAF8E41867}.Debug|iPhoneSimulator.ActiveCfg = Debug|Any CPU
		{160E8D71-A229-46CA-93A2-D7EAF8E41867}.Debug|iPhoneSimulator.Build.0 = Debug|Any CPU
		{160E8D71-A229-46CA-93A2-D7EAF8E41867}.Debug|x64.ActiveCfg = Debug|Any CPU
		{160E8D71-A229-46CA-93A2-D7EAF8E41867}.Debug|x64.Build.0 = Debug|Any CPU
		{160E8D71-A229-46CA-93A2-D7EAF8E41867}.Debug|x86.ActiveCfg = Debug|Any CPU
		{160E8D71-A229-46CA-93A2-D7EAF8E41867}.Debug|x86.Build.0 = Debug|Any CPU
		{160E8D71-A229-46CA-93A2-D7EAF8E41867}.Release|Any CPU.ActiveCfg = Release|Any CPU
		{160E8D71-A229-46CA-93A2-D7EAF8E41867}.Release|Any CPU.Build.0 = Release|Any CPU
		{160E8D71-A229-46CA-93A2-D7EAF8E41867}.Release|ARM.ActiveCfg = Release|Any CPU
		{160E8D71-A229-46CA-93A2-D7EAF8E41867}.Release|ARM.Build.0 = Release|Any CPU
		{160E8D71-A229-46CA-93A2-D7EAF8E41867}.Release|ARM64.ActiveCfg = Release|Any CPU
		{160E8D71-A229-46CA-93A2-D7EAF8E41867}.Release|ARM64.Build.0 = Release|Any CPU
		{160E8D71-A229-46CA-93A2-D7EAF8E41867}.Release|iPhone.ActiveCfg = Release|Any CPU
		{160E8D71-A229-46CA-93A2-D7EAF8E41867}.Release|iPhone.Build.0 = Release|Any CPU
		{160E8D71-A229-46CA-93A2-D7EAF8E41867}.Release|iPhoneSimulator.ActiveCfg = Release|Any CPU
		{160E8D71-A229-46CA-93A2-D7EAF8E41867}.Release|iPhoneSimulator.Build.0 = Release|Any CPU
		{160E8D71-A229-46CA-93A2-D7EAF8E41867}.Release|x64.ActiveCfg = Release|Any CPU
		{160E8D71-A229-46CA-93A2-D7EAF8E41867}.Release|x64.Build.0 = Release|Any CPU
		{160E8D71-A229-46CA-93A2-D7EAF8E41867}.Release|x86.ActiveCfg = Release|Any CPU
		{160E8D71-A229-46CA-93A2-D7EAF8E41867}.Release|x86.Build.0 = Release|Any CPU
		{FFDC59FB-8CE0-406B-8E36-2682C53DDB6F}.Ad-Hoc|Any CPU.ActiveCfg = Debug|Any CPU
		{FFDC59FB-8CE0-406B-8E36-2682C53DDB6F}.Ad-Hoc|Any CPU.Build.0 = Debug|Any CPU
		{FFDC59FB-8CE0-406B-8E36-2682C53DDB6F}.Ad-Hoc|ARM.ActiveCfg = Debug|Any CPU
		{FFDC59FB-8CE0-406B-8E36-2682C53DDB6F}.Ad-Hoc|ARM.Build.0 = Debug|Any CPU
		{FFDC59FB-8CE0-406B-8E36-2682C53DDB6F}.Ad-Hoc|ARM64.ActiveCfg = Debug|Any CPU
		{FFDC59FB-8CE0-406B-8E36-2682C53DDB6F}.Ad-Hoc|ARM64.Build.0 = Debug|Any CPU
		{FFDC59FB-8CE0-406B-8E36-2682C53DDB6F}.Ad-Hoc|iPhone.ActiveCfg = Debug|Any CPU
		{FFDC59FB-8CE0-406B-8E36-2682C53DDB6F}.Ad-Hoc|iPhone.Build.0 = Debug|Any CPU
		{FFDC59FB-8CE0-406B-8E36-2682C53DDB6F}.Ad-Hoc|iPhoneSimulator.ActiveCfg = Debug|Any CPU
		{FFDC59FB-8CE0-406B-8E36-2682C53DDB6F}.Ad-Hoc|iPhoneSimulator.Build.0 = Debug|Any CPU
		{FFDC59FB-8CE0-406B-8E36-2682C53DDB6F}.Ad-Hoc|x64.ActiveCfg = Debug|Any CPU
		{FFDC59FB-8CE0-406B-8E36-2682C53DDB6F}.Ad-Hoc|x64.Build.0 = Debug|Any CPU
		{FFDC59FB-8CE0-406B-8E36-2682C53DDB6F}.Ad-Hoc|x86.ActiveCfg = Debug|Any CPU
		{FFDC59FB-8CE0-406B-8E36-2682C53DDB6F}.Ad-Hoc|x86.Build.0 = Debug|Any CPU
		{FFDC59FB-8CE0-406B-8E36-2682C53DDB6F}.AppStore|Any CPU.ActiveCfg = Debug|Any CPU
		{FFDC59FB-8CE0-406B-8E36-2682C53DDB6F}.AppStore|Any CPU.Build.0 = Debug|Any CPU
		{FFDC59FB-8CE0-406B-8E36-2682C53DDB6F}.AppStore|ARM.ActiveCfg = Debug|Any CPU
		{FFDC59FB-8CE0-406B-8E36-2682C53DDB6F}.AppStore|ARM.Build.0 = Debug|Any CPU
		{FFDC59FB-8CE0-406B-8E36-2682C53DDB6F}.AppStore|ARM64.ActiveCfg = Debug|Any CPU
		{FFDC59FB-8CE0-406B-8E36-2682C53DDB6F}.AppStore|ARM64.Build.0 = Debug|Any CPU
		{FFDC59FB-8CE0-406B-8E36-2682C53DDB6F}.AppStore|iPhone.ActiveCfg = Debug|Any CPU
		{FFDC59FB-8CE0-406B-8E36-2682C53DDB6F}.AppStore|iPhone.Build.0 = Debug|Any CPU
		{FFDC59FB-8CE0-406B-8E36-2682C53DDB6F}.AppStore|iPhoneSimulator.ActiveCfg = Debug|Any CPU
		{FFDC59FB-8CE0-406B-8E36-2682C53DDB6F}.AppStore|iPhoneSimulator.Build.0 = Debug|Any CPU
		{FFDC59FB-8CE0-406B-8E36-2682C53DDB6F}.AppStore|x64.ActiveCfg = Debug|Any CPU
		{FFDC59FB-8CE0-406B-8E36-2682C53DDB6F}.AppStore|x64.Build.0 = Debug|Any CPU
		{FFDC59FB-8CE0-406B-8E36-2682C53DDB6F}.AppStore|x86.ActiveCfg = Debug|Any CPU
		{FFDC59FB-8CE0-406B-8E36-2682C53DDB6F}.AppStore|x86.Build.0 = Debug|Any CPU
		{FFDC59FB-8CE0-406B-8E36-2682C53DDB6F}.Debug|Any CPU.ActiveCfg = Debug|Any CPU
		{FFDC59FB-8CE0-406B-8E36-2682C53DDB6F}.Debug|Any CPU.Build.0 = Debug|Any CPU
		{FFDC59FB-8CE0-406B-8E36-2682C53DDB6F}.Debug|ARM.ActiveCfg = Debug|Any CPU
		{FFDC59FB-8CE0-406B-8E36-2682C53DDB6F}.Debug|ARM.Build.0 = Debug|Any CPU
		{FFDC59FB-8CE0-406B-8E36-2682C53DDB6F}.Debug|ARM64.ActiveCfg = Debug|Any CPU
		{FFDC59FB-8CE0-406B-8E36-2682C53DDB6F}.Debug|ARM64.Build.0 = Debug|Any CPU
		{FFDC59FB-8CE0-406B-8E36-2682C53DDB6F}.Debug|iPhone.ActiveCfg = Debug|Any CPU
		{FFDC59FB-8CE0-406B-8E36-2682C53DDB6F}.Debug|iPhone.Build.0 = Debug|Any CPU
		{FFDC59FB-8CE0-406B-8E36-2682C53DDB6F}.Debug|iPhoneSimulator.ActiveCfg = Debug|Any CPU
		{FFDC59FB-8CE0-406B-8E36-2682C53DDB6F}.Debug|iPhoneSimulator.Build.0 = Debug|Any CPU
		{FFDC59FB-8CE0-406B-8E36-2682C53DDB6F}.Debug|x64.ActiveCfg = Debug|Any CPU
		{FFDC59FB-8CE0-406B-8E36-2682C53DDB6F}.Debug|x64.Build.0 = Debug|Any CPU
		{FFDC59FB-8CE0-406B-8E36-2682C53DDB6F}.Debug|x86.ActiveCfg = Debug|Any CPU
		{FFDC59FB-8CE0-406B-8E36-2682C53DDB6F}.Debug|x86.Build.0 = Debug|Any CPU
		{FFDC59FB-8CE0-406B-8E36-2682C53DDB6F}.Release|Any CPU.ActiveCfg = Release|Any CPU
		{FFDC59FB-8CE0-406B-8E36-2682C53DDB6F}.Release|Any CPU.Build.0 = Release|Any CPU
		{FFDC59FB-8CE0-406B-8E36-2682C53DDB6F}.Release|ARM.ActiveCfg = Release|Any CPU
		{FFDC59FB-8CE0-406B-8E36-2682C53DDB6F}.Release|ARM.Build.0 = Release|Any CPU
		{FFDC59FB-8CE0-406B-8E36-2682C53DDB6F}.Release|ARM64.ActiveCfg = Release|Any CPU
		{FFDC59FB-8CE0-406B-8E36-2682C53DDB6F}.Release|ARM64.Build.0 = Release|Any CPU
		{FFDC59FB-8CE0-406B-8E36-2682C53DDB6F}.Release|iPhone.ActiveCfg = Release|Any CPU
		{FFDC59FB-8CE0-406B-8E36-2682C53DDB6F}.Release|iPhone.Build.0 = Release|Any CPU
		{FFDC59FB-8CE0-406B-8E36-2682C53DDB6F}.Release|iPhoneSimulator.ActiveCfg = Release|Any CPU
		{FFDC59FB-8CE0-406B-8E36-2682C53DDB6F}.Release|iPhoneSimulator.Build.0 = Release|Any CPU
		{FFDC59FB-8CE0-406B-8E36-2682C53DDB6F}.Release|x64.ActiveCfg = Release|Any CPU
		{FFDC59FB-8CE0-406B-8E36-2682C53DDB6F}.Release|x64.Build.0 = Release|Any CPU
		{FFDC59FB-8CE0-406B-8E36-2682C53DDB6F}.Release|x86.ActiveCfg = Release|Any CPU
		{FFDC59FB-8CE0-406B-8E36-2682C53DDB6F}.Release|x86.Build.0 = Release|Any CPU
		{8C9B3639-E778-4C55-B931-EA9F868BCE43}.Ad-Hoc|Any CPU.ActiveCfg = Debug|Any CPU
		{8C9B3639-E778-4C55-B931-EA9F868BCE43}.Ad-Hoc|Any CPU.Build.0 = Debug|Any CPU
		{8C9B3639-E778-4C55-B931-EA9F868BCE43}.Ad-Hoc|ARM.ActiveCfg = Debug|Any CPU
		{8C9B3639-E778-4C55-B931-EA9F868BCE43}.Ad-Hoc|ARM.Build.0 = Debug|Any CPU
		{8C9B3639-E778-4C55-B931-EA9F868BCE43}.Ad-Hoc|ARM64.ActiveCfg = Debug|Any CPU
		{8C9B3639-E778-4C55-B931-EA9F868BCE43}.Ad-Hoc|ARM64.Build.0 = Debug|Any CPU
		{8C9B3639-E778-4C55-B931-EA9F868BCE43}.Ad-Hoc|iPhone.ActiveCfg = Debug|Any CPU
		{8C9B3639-E778-4C55-B931-EA9F868BCE43}.Ad-Hoc|iPhone.Build.0 = Debug|Any CPU
		{8C9B3639-E778-4C55-B931-EA9F868BCE43}.Ad-Hoc|iPhoneSimulator.ActiveCfg = Debug|Any CPU
		{8C9B3639-E778-4C55-B931-EA9F868BCE43}.Ad-Hoc|iPhoneSimulator.Build.0 = Debug|Any CPU
		{8C9B3639-E778-4C55-B931-EA9F868BCE43}.Ad-Hoc|x64.ActiveCfg = Debug|Any CPU
		{8C9B3639-E778-4C55-B931-EA9F868BCE43}.Ad-Hoc|x64.Build.0 = Debug|Any CPU
		{8C9B3639-E778-4C55-B931-EA9F868BCE43}.Ad-Hoc|x86.ActiveCfg = Debug|Any CPU
		{8C9B3639-E778-4C55-B931-EA9F868BCE43}.Ad-Hoc|x86.Build.0 = Debug|Any CPU
		{8C9B3639-E778-4C55-B931-EA9F868BCE43}.AppStore|Any CPU.ActiveCfg = Debug|Any CPU
		{8C9B3639-E778-4C55-B931-EA9F868BCE43}.AppStore|Any CPU.Build.0 = Debug|Any CPU
		{8C9B3639-E778-4C55-B931-EA9F868BCE43}.AppStore|ARM.ActiveCfg = Debug|Any CPU
		{8C9B3639-E778-4C55-B931-EA9F868BCE43}.AppStore|ARM.Build.0 = Debug|Any CPU
		{8C9B3639-E778-4C55-B931-EA9F868BCE43}.AppStore|ARM64.ActiveCfg = Debug|Any CPU
		{8C9B3639-E778-4C55-B931-EA9F868BCE43}.AppStore|ARM64.Build.0 = Debug|Any CPU
		{8C9B3639-E778-4C55-B931-EA9F868BCE43}.AppStore|iPhone.ActiveCfg = Debug|Any CPU
		{8C9B3639-E778-4C55-B931-EA9F868BCE43}.AppStore|iPhone.Build.0 = Debug|Any CPU
		{8C9B3639-E778-4C55-B931-EA9F868BCE43}.AppStore|iPhoneSimulator.ActiveCfg = Debug|Any CPU
		{8C9B3639-E778-4C55-B931-EA9F868BCE43}.AppStore|iPhoneSimulator.Build.0 = Debug|Any CPU
		{8C9B3639-E778-4C55-B931-EA9F868BCE43}.AppStore|x64.ActiveCfg = Debug|Any CPU
		{8C9B3639-E778-4C55-B931-EA9F868BCE43}.AppStore|x64.Build.0 = Debug|Any CPU
		{8C9B3639-E778-4C55-B931-EA9F868BCE43}.AppStore|x86.ActiveCfg = Debug|Any CPU
		{8C9B3639-E778-4C55-B931-EA9F868BCE43}.AppStore|x86.Build.0 = Debug|Any CPU
		{8C9B3639-E778-4C55-B931-EA9F868BCE43}.Debug|Any CPU.ActiveCfg = Debug|Any CPU
		{8C9B3639-E778-4C55-B931-EA9F868BCE43}.Debug|Any CPU.Build.0 = Debug|Any CPU
		{8C9B3639-E778-4C55-B931-EA9F868BCE43}.Debug|ARM.ActiveCfg = Debug|Any CPU
		{8C9B3639-E778-4C55-B931-EA9F868BCE43}.Debug|ARM.Build.0 = Debug|Any CPU
		{8C9B3639-E778-4C55-B931-EA9F868BCE43}.Debug|ARM64.ActiveCfg = Debug|Any CPU
		{8C9B3639-E778-4C55-B931-EA9F868BCE43}.Debug|ARM64.Build.0 = Debug|Any CPU
		{8C9B3639-E778-4C55-B931-EA9F868BCE43}.Debug|iPhone.ActiveCfg = Debug|Any CPU
		{8C9B3639-E778-4C55-B931-EA9F868BCE43}.Debug|iPhone.Build.0 = Debug|Any CPU
		{8C9B3639-E778-4C55-B931-EA9F868BCE43}.Debug|iPhoneSimulator.ActiveCfg = Debug|Any CPU
		{8C9B3639-E778-4C55-B931-EA9F868BCE43}.Debug|iPhoneSimulator.Build.0 = Debug|Any CPU
		{8C9B3639-E778-4C55-B931-EA9F868BCE43}.Debug|x64.ActiveCfg = Debug|Any CPU
		{8C9B3639-E778-4C55-B931-EA9F868BCE43}.Debug|x64.Build.0 = Debug|Any CPU
		{8C9B3639-E778-4C55-B931-EA9F868BCE43}.Debug|x86.ActiveCfg = Debug|Any CPU
		{8C9B3639-E778-4C55-B931-EA9F868BCE43}.Debug|x86.Build.0 = Debug|Any CPU
		{8C9B3639-E778-4C55-B931-EA9F868BCE43}.Release|Any CPU.ActiveCfg = Release|Any CPU
		{8C9B3639-E778-4C55-B931-EA9F868BCE43}.Release|Any CPU.Build.0 = Release|Any CPU
		{8C9B3639-E778-4C55-B931-EA9F868BCE43}.Release|ARM.ActiveCfg = Release|Any CPU
		{8C9B3639-E778-4C55-B931-EA9F868BCE43}.Release|ARM.Build.0 = Release|Any CPU
		{8C9B3639-E778-4C55-B931-EA9F868BCE43}.Release|ARM64.ActiveCfg = Release|Any CPU
		{8C9B3639-E778-4C55-B931-EA9F868BCE43}.Release|ARM64.Build.0 = Release|Any CPU
		{8C9B3639-E778-4C55-B931-EA9F868BCE43}.Release|iPhone.ActiveCfg = Release|Any CPU
		{8C9B3639-E778-4C55-B931-EA9F868BCE43}.Release|iPhone.Build.0 = Release|Any CPU
		{8C9B3639-E778-4C55-B931-EA9F868BCE43}.Release|iPhoneSimulator.ActiveCfg = Release|Any CPU
		{8C9B3639-E778-4C55-B931-EA9F868BCE43}.Release|iPhoneSimulator.Build.0 = Release|Any CPU
		{8C9B3639-E778-4C55-B931-EA9F868BCE43}.Release|x64.ActiveCfg = Release|Any CPU
		{8C9B3639-E778-4C55-B931-EA9F868BCE43}.Release|x64.Build.0 = Release|Any CPU
		{8C9B3639-E778-4C55-B931-EA9F868BCE43}.Release|x86.ActiveCfg = Release|Any CPU
		{8C9B3639-E778-4C55-B931-EA9F868BCE43}.Release|x86.Build.0 = Release|Any CPU
		{678E42D2-7B49-4786-B236-0E8EFEB4FA66}.Ad-Hoc|Any CPU.ActiveCfg = Debug|x86
		{678E42D2-7B49-4786-B236-0E8EFEB4FA66}.Ad-Hoc|Any CPU.Build.0 = Debug|x86
		{678E42D2-7B49-4786-B236-0E8EFEB4FA66}.Ad-Hoc|ARM.ActiveCfg = Debug|x86
		{678E42D2-7B49-4786-B236-0E8EFEB4FA66}.Ad-Hoc|ARM.Build.0 = Debug|x86
		{678E42D2-7B49-4786-B236-0E8EFEB4FA66}.Ad-Hoc|ARM64.ActiveCfg = Debug|arm64
		{678E42D2-7B49-4786-B236-0E8EFEB4FA66}.Ad-Hoc|ARM64.Build.0 = Debug|arm64
		{678E42D2-7B49-4786-B236-0E8EFEB4FA66}.Ad-Hoc|iPhone.ActiveCfg = Debug|x86
		{678E42D2-7B49-4786-B236-0E8EFEB4FA66}.Ad-Hoc|iPhone.Build.0 = Debug|x86
		{678E42D2-7B49-4786-B236-0E8EFEB4FA66}.Ad-Hoc|iPhoneSimulator.ActiveCfg = Debug|x86
		{678E42D2-7B49-4786-B236-0E8EFEB4FA66}.Ad-Hoc|iPhoneSimulator.Build.0 = Debug|x86
		{678E42D2-7B49-4786-B236-0E8EFEB4FA66}.Ad-Hoc|x64.ActiveCfg = Debug|x64
		{678E42D2-7B49-4786-B236-0E8EFEB4FA66}.Ad-Hoc|x64.Build.0 = Debug|x64
		{678E42D2-7B49-4786-B236-0E8EFEB4FA66}.Ad-Hoc|x86.ActiveCfg = Debug|x86
		{678E42D2-7B49-4786-B236-0E8EFEB4FA66}.Ad-Hoc|x86.Build.0 = Debug|x86
		{678E42D2-7B49-4786-B236-0E8EFEB4FA66}.AppStore|Any CPU.ActiveCfg = Debug|x86
		{678E42D2-7B49-4786-B236-0E8EFEB4FA66}.AppStore|Any CPU.Build.0 = Debug|x86
		{678E42D2-7B49-4786-B236-0E8EFEB4FA66}.AppStore|ARM.ActiveCfg = Debug|x86
		{678E42D2-7B49-4786-B236-0E8EFEB4FA66}.AppStore|ARM.Build.0 = Debug|x86
		{678E42D2-7B49-4786-B236-0E8EFEB4FA66}.AppStore|ARM64.ActiveCfg = Debug|arm64
		{678E42D2-7B49-4786-B236-0E8EFEB4FA66}.AppStore|ARM64.Build.0 = Debug|arm64
		{678E42D2-7B49-4786-B236-0E8EFEB4FA66}.AppStore|iPhone.ActiveCfg = Debug|x86
		{678E42D2-7B49-4786-B236-0E8EFEB4FA66}.AppStore|iPhone.Build.0 = Debug|x86
		{678E42D2-7B49-4786-B236-0E8EFEB4FA66}.AppStore|iPhoneSimulator.ActiveCfg = Debug|x86
		{678E42D2-7B49-4786-B236-0E8EFEB4FA66}.AppStore|iPhoneSimulator.Build.0 = Debug|x86
		{678E42D2-7B49-4786-B236-0E8EFEB4FA66}.AppStore|x64.ActiveCfg = Debug|x64
		{678E42D2-7B49-4786-B236-0E8EFEB4FA66}.AppStore|x64.Build.0 = Debug|x64
		{678E42D2-7B49-4786-B236-0E8EFEB4FA66}.AppStore|x86.ActiveCfg = Debug|x86
		{678E42D2-7B49-4786-B236-0E8EFEB4FA66}.AppStore|x86.Build.0 = Debug|x86
		{678E42D2-7B49-4786-B236-0E8EFEB4FA66}.Debug|Any CPU.ActiveCfg = Debug|x86
		{678E42D2-7B49-4786-B236-0E8EFEB4FA66}.Debug|Any CPU.Build.0 = Debug|x86
		{678E42D2-7B49-4786-B236-0E8EFEB4FA66}.Debug|ARM.ActiveCfg = Debug|x86
		{678E42D2-7B49-4786-B236-0E8EFEB4FA66}.Debug|ARM.Build.0 = Debug|x86
		{678E42D2-7B49-4786-B236-0E8EFEB4FA66}.Debug|ARM64.ActiveCfg = Debug|arm64
		{678E42D2-7B49-4786-B236-0E8EFEB4FA66}.Debug|ARM64.Build.0 = Debug|arm64
		{678E42D2-7B49-4786-B236-0E8EFEB4FA66}.Debug|iPhone.ActiveCfg = Debug|x86
		{678E42D2-7B49-4786-B236-0E8EFEB4FA66}.Debug|iPhone.Build.0 = Debug|x86
		{678E42D2-7B49-4786-B236-0E8EFEB4FA66}.Debug|iPhoneSimulator.ActiveCfg = Debug|x86
		{678E42D2-7B49-4786-B236-0E8EFEB4FA66}.Debug|iPhoneSimulator.Build.0 = Debug|x86
		{678E42D2-7B49-4786-B236-0E8EFEB4FA66}.Debug|x64.ActiveCfg = Debug|x64
		{678E42D2-7B49-4786-B236-0E8EFEB4FA66}.Debug|x64.Build.0 = Debug|x64
		{678E42D2-7B49-4786-B236-0E8EFEB4FA66}.Debug|x86.ActiveCfg = Debug|x86
		{678E42D2-7B49-4786-B236-0E8EFEB4FA66}.Debug|x86.Build.0 = Debug|x86
		{678E42D2-7B49-4786-B236-0E8EFEB4FA66}.Release|Any CPU.ActiveCfg = Release|x86
		{678E42D2-7B49-4786-B236-0E8EFEB4FA66}.Release|Any CPU.Build.0 = Release|x86
		{678E42D2-7B49-4786-B236-0E8EFEB4FA66}.Release|ARM.ActiveCfg = Release|x86
		{678E42D2-7B49-4786-B236-0E8EFEB4FA66}.Release|ARM.Build.0 = Release|x86
		{678E42D2-7B49-4786-B236-0E8EFEB4FA66}.Release|ARM64.ActiveCfg = Release|arm64
		{678E42D2-7B49-4786-B236-0E8EFEB4FA66}.Release|ARM64.Build.0 = Release|arm64
		{678E42D2-7B49-4786-B236-0E8EFEB4FA66}.Release|iPhone.ActiveCfg = Release|x86
		{678E42D2-7B49-4786-B236-0E8EFEB4FA66}.Release|iPhone.Build.0 = Release|x86
		{678E42D2-7B49-4786-B236-0E8EFEB4FA66}.Release|iPhoneSimulator.ActiveCfg = Release|x86
		{678E42D2-7B49-4786-B236-0E8EFEB4FA66}.Release|iPhoneSimulator.Build.0 = Release|x86
		{678E42D2-7B49-4786-B236-0E8EFEB4FA66}.Release|x64.ActiveCfg = Release|x64
		{678E42D2-7B49-4786-B236-0E8EFEB4FA66}.Release|x64.Build.0 = Release|x64
		{678E42D2-7B49-4786-B236-0E8EFEB4FA66}.Release|x86.ActiveCfg = Release|x86
		{678E42D2-7B49-4786-B236-0E8EFEB4FA66}.Release|x86.Build.0 = Release|x86
		{E307240E-636C-415B-A667-ED722B994B1B}.Ad-Hoc|Any CPU.ActiveCfg = Debug|Any CPU
		{E307240E-636C-415B-A667-ED722B994B1B}.Ad-Hoc|Any CPU.Build.0 = Debug|Any CPU
		{E307240E-636C-415B-A667-ED722B994B1B}.Ad-Hoc|ARM.ActiveCfg = Debug|Any CPU
		{E307240E-636C-415B-A667-ED722B994B1B}.Ad-Hoc|ARM.Build.0 = Debug|Any CPU
		{E307240E-636C-415B-A667-ED722B994B1B}.Ad-Hoc|ARM64.ActiveCfg = Debug|Any CPU
		{E307240E-636C-415B-A667-ED722B994B1B}.Ad-Hoc|ARM64.Build.0 = Debug|Any CPU
		{E307240E-636C-415B-A667-ED722B994B1B}.Ad-Hoc|iPhone.ActiveCfg = Debug|Any CPU
		{E307240E-636C-415B-A667-ED722B994B1B}.Ad-Hoc|iPhone.Build.0 = Debug|Any CPU
		{E307240E-636C-415B-A667-ED722B994B1B}.Ad-Hoc|iPhoneSimulator.ActiveCfg = Debug|Any CPU
		{E307240E-636C-415B-A667-ED722B994B1B}.Ad-Hoc|iPhoneSimulator.Build.0 = Debug|Any CPU
		{E307240E-636C-415B-A667-ED722B994B1B}.Ad-Hoc|x64.ActiveCfg = Debug|Any CPU
		{E307240E-636C-415B-A667-ED722B994B1B}.Ad-Hoc|x64.Build.0 = Debug|Any CPU
		{E307240E-636C-415B-A667-ED722B994B1B}.Ad-Hoc|x86.ActiveCfg = Debug|Any CPU
		{E307240E-636C-415B-A667-ED722B994B1B}.Ad-Hoc|x86.Build.0 = Debug|Any CPU
		{E307240E-636C-415B-A667-ED722B994B1B}.AppStore|Any CPU.ActiveCfg = Debug|Any CPU
		{E307240E-636C-415B-A667-ED722B994B1B}.AppStore|Any CPU.Build.0 = Debug|Any CPU
		{E307240E-636C-415B-A667-ED722B994B1B}.AppStore|ARM.ActiveCfg = Debug|Any CPU
		{E307240E-636C-415B-A667-ED722B994B1B}.AppStore|ARM.Build.0 = Debug|Any CPU
		{E307240E-636C-415B-A667-ED722B994B1B}.AppStore|ARM64.ActiveCfg = Debug|Any CPU
		{E307240E-636C-415B-A667-ED722B994B1B}.AppStore|ARM64.Build.0 = Debug|Any CPU
		{E307240E-636C-415B-A667-ED722B994B1B}.AppStore|iPhone.ActiveCfg = Debug|Any CPU
		{E307240E-636C-415B-A667-ED722B994B1B}.AppStore|iPhone.Build.0 = Debug|Any CPU
		{E307240E-636C-415B-A667-ED722B994B1B}.AppStore|iPhoneSimulator.ActiveCfg = Debug|Any CPU
		{E307240E-636C-415B-A667-ED722B994B1B}.AppStore|iPhoneSimulator.Build.0 = Debug|Any CPU
		{E307240E-636C-415B-A667-ED722B994B1B}.AppStore|x64.ActiveCfg = Debug|Any CPU
		{E307240E-636C-415B-A667-ED722B994B1B}.AppStore|x64.Build.0 = Debug|Any CPU
		{E307240E-636C-415B-A667-ED722B994B1B}.AppStore|x86.ActiveCfg = Debug|Any CPU
		{E307240E-636C-415B-A667-ED722B994B1B}.AppStore|x86.Build.0 = Debug|Any CPU
		{E307240E-636C-415B-A667-ED722B994B1B}.Debug|Any CPU.ActiveCfg = Debug|Any CPU
		{E307240E-636C-415B-A667-ED722B994B1B}.Debug|Any CPU.Build.0 = Debug|Any CPU
		{E307240E-636C-415B-A667-ED722B994B1B}.Debug|ARM.ActiveCfg = Debug|Any CPU
		{E307240E-636C-415B-A667-ED722B994B1B}.Debug|ARM.Build.0 = Debug|Any CPU
		{E307240E-636C-415B-A667-ED722B994B1B}.Debug|ARM64.ActiveCfg = Debug|Any CPU
		{E307240E-636C-415B-A667-ED722B994B1B}.Debug|ARM64.Build.0 = Debug|Any CPU
		{E307240E-636C-415B-A667-ED722B994B1B}.Debug|iPhone.ActiveCfg = Debug|Any CPU
		{E307240E-636C-415B-A667-ED722B994B1B}.Debug|iPhone.Build.0 = Debug|Any CPU
		{E307240E-636C-415B-A667-ED722B994B1B}.Debug|iPhoneSimulator.ActiveCfg = Debug|Any CPU
		{E307240E-636C-415B-A667-ED722B994B1B}.Debug|iPhoneSimulator.Build.0 = Debug|Any CPU
		{E307240E-636C-415B-A667-ED722B994B1B}.Debug|x64.ActiveCfg = Debug|Any CPU
		{E307240E-636C-415B-A667-ED722B994B1B}.Debug|x64.Build.0 = Debug|Any CPU
		{E307240E-636C-415B-A667-ED722B994B1B}.Debug|x86.ActiveCfg = Debug|Any CPU
		{E307240E-636C-415B-A667-ED722B994B1B}.Debug|x86.Build.0 = Debug|Any CPU
		{E307240E-636C-415B-A667-ED722B994B1B}.Release|Any CPU.ActiveCfg = Release|Any CPU
		{E307240E-636C-415B-A667-ED722B994B1B}.Release|Any CPU.Build.0 = Release|Any CPU
		{E307240E-636C-415B-A667-ED722B994B1B}.Release|ARM.ActiveCfg = Release|Any CPU
		{E307240E-636C-415B-A667-ED722B994B1B}.Release|ARM.Build.0 = Release|Any CPU
		{E307240E-636C-415B-A667-ED722B994B1B}.Release|ARM64.ActiveCfg = Release|Any CPU
		{E307240E-636C-415B-A667-ED722B994B1B}.Release|ARM64.Build.0 = Release|Any CPU
		{E307240E-636C-415B-A667-ED722B994B1B}.Release|iPhone.ActiveCfg = Release|Any CPU
		{E307240E-636C-415B-A667-ED722B994B1B}.Release|iPhone.Build.0 = Release|Any CPU
		{E307240E-636C-415B-A667-ED722B994B1B}.Release|iPhoneSimulator.ActiveCfg = Release|Any CPU
		{E307240E-636C-415B-A667-ED722B994B1B}.Release|iPhoneSimulator.Build.0 = Release|Any CPU
		{E307240E-636C-415B-A667-ED722B994B1B}.Release|x64.ActiveCfg = Release|Any CPU
		{E307240E-636C-415B-A667-ED722B994B1B}.Release|x64.Build.0 = Release|Any CPU
		{E307240E-636C-415B-A667-ED722B994B1B}.Release|x86.ActiveCfg = Release|Any CPU
		{E307240E-636C-415B-A667-ED722B994B1B}.Release|x86.Build.0 = Release|Any CPU
	EndGlobalSection
	GlobalSection(SolutionProperties) = preSolution
		HideSolutionNode = FALSE
	EndGlobalSection
	GlobalSection(NestedProjects) = preSolution
		{160E8D71-A229-46CA-93A2-D7EAF8E41867} = {A2346F38-2AB7-4E67-B382-1B901A027071}
		{FFDC59FB-8CE0-406B-8E36-2682C53DDB6F} = {A2346F38-2AB7-4E67-B382-1B901A027071}
		{8C9B3639-E778-4C55-B931-EA9F868BCE43} = {A2346F38-2AB7-4E67-B382-1B901A027071}
		{678E42D2-7B49-4786-B236-0E8EFEB4FA66} = {A2346F38-2AB7-4E67-B382-1B901A027071}
		{E307240E-636C-415B-A667-ED722B994B1B} = {A2346F38-2AB7-4E67-B382-1B901A027071}
	EndGlobalSection
	GlobalSection(ExtensibilityGlobals) = postSolution
		SolutionGuid = {23EC8E7E-FE69-480B-A23A-D5C7F1E1FFFC}
	EndGlobalSection
EndGlobal
